
Microsoft Visual Studio Solution File, Format Version 12.00
# Visual Studio 14
VisualStudioVersion = 14.0.25420.1
MinimumVisualStudioVersion = 10.0.40219.1
Project("{FAE04EC0-301F-11D3-BF4B-00C04F79EFBC}") = "JH.WebApi", "JH.WebApi\JH.WebApi.csproj", "{019FEEB9-5CF4-433B-ABA8-8FEDCF5EC489}"
EndProject
Project("{FAE04EC0-301F-11D3-BF4B-00C04F79EFBC}") = "JH.WebApi.Tests", "JH.WebApi.Tests\JH.WebApi.Tests.csproj", "{0398C2F6-4D8D-478A-894A-66EF00F69903}"
EndProject
Project("{FAE04EC0-301F-11D3-BF4B-00C04F79EFBC}") = "JH.Client", "JH.Client\JH.Client\JH.Client.csproj", "{C7851859-547F-4A86-A9AB-86BC810BD4A2}"
EndProject
Global
	GlobalSection(SolutionConfigurationPlatforms) = preSolution
		Debug|Any CPU = Debug|Any CPU
		Release|Any CPU = Release|Any CPU
	EndGlobalSection
	GlobalSection(ProjectConfigurationPlatforms) = postSolution
		{019FEEB9-5CF4-433B-ABA8-8FEDCF5EC489}.Debug|Any CPU.ActiveCfg = Debug|Any CPU
		{019FEEB9-5CF4-433B-ABA8-8FEDCF5EC489}.Debug|Any CPU.Build.0 = Debug|Any CPU
		{019FEEB9-5CF4-433B-ABA8-8FEDCF5EC489}.Release|Any CPU.ActiveCfg = Release|Any CPU
		{019FEEB9-5CF4-433B-ABA8-8FEDCF5EC489}.Release|Any CPU.Build.0 = Release|Any CPU
		{0398C2F6-4D8D-478A-894A-66EF00F69903}.Debug|Any CPU.ActiveCfg = Debug|Any CPU
		{0398C2F6-4D8D-478A-894A-66EF00F69903}.Debug|Any CPU.Build.0 = Debug|Any CPU
		{0398C2F6-4D8D-478A-894A-66EF00F69903}.Release|Any CPU.ActiveCfg = Release|Any CPU
		{0398C2F6-4D8D-478A-894A-66EF00F69903}.Release|Any CPU.Build.0 = Release|Any CPU
		{C7851859-547F-4A86-A9AB-86BC810BD4A2}.Debug|Any CPU.ActiveCfg = Debug|Any CPU
		{C7851859-547F-4A86-A9AB-86BC810BD4A2}.Debug|Any CPU.Build.0 = Debug|Any CPU
		{C7851859-547F-4A86-A9AB-86BC810BD4A2}.Release|Any CPU.ActiveCfg = Release|Any CPU
		{C7851859-547F-4A86-A9AB-86BC810BD4A2}.Release|Any CPU.Build.0 = Release|Any CPU
	EndGlobalSection
	GlobalSection(SolutionProperties) = preSolution
		HideSolutionNode = FALSE
	EndGlobalSection
EndGlobal
